
Microsoft Visual Studio Solution File, Format Version 10.00
# Visual Studio 2008
Project("{8BC9CEB8-8B4A-11D0-8D11-00A0C91BC942}") = "RunAppPlayer", "RunAppPlayer\RunAppPlayer.vcproj", "{544FEAD7-2A94-4AB7-974E-7E78BAC7CAD3}"
EndProject
Global
	GlobalSection(SolutionConfigurationPlatforms) = preSolution
		Debug|Win32 = Debug|Win32
		Release|Win32 = Release|Win32
	EndGlobalSection
	GlobalSection(ProjectConfigurationPlatforms) = postSolution
		{544FEAD7-2A94-4AB7-974E-7E78BAC7CAD3}.Debug|Win32.ActiveCfg = Debug|Win32
		{544FEAD7-2A94-4AB7-974E-7E78BAC7CAD3}.Debug|Win32.Build.0 = Debug|Win32
		{544FEAD7-2A94-4AB7-974E-7E78BAC7CAD3}.Release|Win32.ActiveCfg = Release|Win32
		{544FEAD7-2A94-4AB7-974E-7E78BAC7CAD3}.Release|Win32.Build.0 = Release|Win32
	EndGlobalSection
	GlobalSection(SolutionProperties) = preSolution
		HideSolutionNode = FALSE
	EndGlobalSection
EndGlobal
